// !$*UTF8*$!
{
	archiveVersion = 1;
	classes = {
	};
	objectVersion = 50;
	objects = {

/* Begin PBXBuildFile section */
		B8E2F3CDC34AACE0ED1B295F /* Pods_Vkontakte.framework in Frameworks */ = {isa = PBXBuildFile; fileRef = BF3F842E42EFFAFC947B9536 /* Pods_Vkontakte.framework */; };
		C41BDC4225C9EAAB005984F2 /* СharacterPicker.swift in Sources */ = {isa = PBXBuildFile; fileRef = C41BDC4125C9EAAB005984F2 /* СharacterPicker.swift */; };
		C435516D2599254700C4EF30 /* AppDelegate.swift in Sources */ = {isa = PBXBuildFile; fileRef = C435516C2599254700C4EF30 /* AppDelegate.swift */; };
		C435516F2599254700C4EF30 /* SceneDelegate.swift in Sources */ = {isa = PBXBuildFile; fileRef = C435516E2599254700C4EF30 /* SceneDelegate.swift */; };
		C43551742599254700C4EF30 /* Main.storyboard in Resources */ = {isa = PBXBuildFile; fileRef = C43551722599254700C4EF30 /* Main.storyboard */; };
		C43551762599254800C4EF30 /* Assets.xcassets in Resources */ = {isa = PBXBuildFile; fileRef = C43551752599254800C4EF30 /* Assets.xcassets */; };
		C43551792599254800C4EF30 /* LaunchScreen.storyboard in Resources */ = {isa = PBXBuildFile; fileRef = C43551772599254800C4EF30 /* LaunchScreen.storyboard */; };
		C43551842599260100C4EF30 /* LoginViewController.swift in Sources */ = {isa = PBXBuildFile; fileRef = C43551832599260100C4EF30 /* LoginViewController.swift */; };
		C443D73A25D5D80E00774062 /* Session.swift in Sources */ = {isa = PBXBuildFile; fileRef = C443D73925D5D80E00774062 /* Session.swift */; };
		C443D73D25D5E21D00774062 /* VkWebViewController.swift in Sources */ = {isa = PBXBuildFile; fileRef = C443D73C25D5E21D00774062 /* VkWebViewController.swift */; };
		C445993E259F628C00CA5C28 /* FriendsTableViewController.swift in Sources */ = {isa = PBXBuildFile; fileRef = C445993D259F628C00CA5C28 /* FriendsTableViewController.swift */; };
		C4459942259F63FD00CA5C28 /* FriendsTableViewCell.swift in Sources */ = {isa = PBXBuildFile; fileRef = C4459941259F63FD00CA5C28 /* FriendsTableViewCell.swift */; };
		C477B2E225A3BFA100366191 /* MyGroupTableViewController.swift in Sources */ = {isa = PBXBuildFile; fileRef = C477B2E125A3BFA100366191 /* MyGroupTableViewController.swift */; };
		C477B2E525A3BFB200366191 /* AllGroupsTableViewController.swift in Sources */ = {isa = PBXBuildFile; fileRef = C477B2E425A3BFB200366191 /* AllGroupsTableViewController.swift */; };
		C477B2E825A3C0B800366191 /* MyGroupTableViewCell.swift in Sources */ = {isa = PBXBuildFile; fileRef = C477B2E725A3C0B800366191 /* MyGroupTableViewCell.swift */; };
		C477B2EF25A3C27800366191 /* AllGroupsTableViewCell.swift in Sources */ = {isa = PBXBuildFile; fileRef = C477B2EE25A3C27800366191 /* AllGroupsTableViewCell.swift */; };
		C477B2F525A3C5E600366191 /* StructFriend.swift in Sources */ = {isa = PBXBuildFile; fileRef = C477B2F425A3C5E600366191 /* StructFriend.swift */; };
		C477B2F825A3C60400366191 /* StructGroup.swift in Sources */ = {isa = PBXBuildFile; fileRef = C477B2F725A3C60400366191 /* StructGroup.swift */; };
		C4901B5425CCB27000438840 /* NewsTableViewCell.swift in Sources */ = {isa = PBXBuildFile; fileRef = C4901B5225CCB27000438840 /* NewsTableViewCell.swift */; };
		C4901B5525CCB27000438840 /* NewsTableViewCell.xib in Resources */ = {isa = PBXBuildFile; fileRef = C4901B5325CCB27000438840 /* NewsTableViewCell.xib */; };
		C4901B5A25CCBA9600438840 /* NewsTableViewController.swift in Sources */ = {isa = PBXBuildFile; fileRef = C4901B5925CCBA9600438840 /* NewsTableViewController.swift */; };
		C496FBAC259F756E0008989C /* FriendCollectionViewCell.swift in Sources */ = {isa = PBXBuildFile; fileRef = C496FBAB259F756E0008989C /* FriendCollectionViewCell.swift */; };
		C496FBAF259F7A2A0008989C /* FriendCollectionViewController.swift in Sources */ = {isa = PBXBuildFile; fileRef = C496FBAE259F7A2A0008989C /* FriendCollectionViewController.swift */; };
		C4AE2E4525B476E40035EC07 /* ProfileViewController.swift in Sources */ = {isa = PBXBuildFile; fileRef = C4AE2E4425B476E40035EC07 /* ProfileViewController.swift */; };
		C4AE2E4825B47DA80035EC07 /* SettingsView.swift in Sources */ = {isa = PBXBuildFile; fileRef = C4AE2E4725B47DA80035EC07 /* SettingsView.swift */; };
		C4C716B725C70DD200B78112 /* FriendsViewController.swift in Sources */ = {isa = PBXBuildFile; fileRef = C4C716B625C70DD200B78112 /* FriendsViewController.swift */; };
		C4C716BB25C71A0400B78112 /* NetworkService.swift in Sources */ = {isa = PBXBuildFile; fileRef = C4C716BA25C71A0400B78112 /* NetworkService.swift */; };
		C4FDE6A025B4E37100F2C448 /* LikeControl.swift in Sources */ = {isa = PBXBuildFile; fileRef = C4FDE69F25B4E37100F2C448 /* LikeControl.swift */; };
/* End PBXBuildFile section */

/* Begin PBXFileReference section */
		42A84CDE048C4E9330625F93 /* Pods-Vkontakte.debug.xcconfig */ = {isa = PBXFileReference; includeInIndex = 1; lastKnownFileType = text.xcconfig; name = "Pods-Vkontakte.debug.xcconfig"; path = "Target Support Files/Pods-Vkontakte/Pods-Vkontakte.debug.xcconfig"; sourceTree = "<group>"; };
		BF3F842E42EFFAFC947B9536 /* Pods_Vkontakte.framework */ = {isa = PBXFileReference; explicitFileType = wrapper.framework; includeInIndex = 0; path = Pods_Vkontakte.framework; sourceTree = BUILT_PRODUCTS_DIR; };
		C41BDC4125C9EAAB005984F2 /* СharacterPicker.swift */ = {isa = PBXFileReference; lastKnownFileType = sourcecode.swift; path = "СharacterPicker.swift"; sourceTree = "<group>"; };
		C43551692599254700C4EF30 /* Vkontakte.app */ = {isa = PBXFileReference; explicitFileType = wrapper.application; includeInIndex = 0; path = Vkontakte.app; sourceTree = BUILT_PRODUCTS_DIR; };
		C435516C2599254700C4EF30 /* AppDelegate.swift */ = {isa = PBXFileReference; lastKnownFileType = sourcecode.swift; path = AppDelegate.swift; sourceTree = "<group>"; };
		C435516E2599254700C4EF30 /* SceneDelegate.swift */ = {isa = PBXFileReference; lastKnownFileType = sourcecode.swift; path = SceneDelegate.swift; sourceTree = "<group>"; };
		C43551732599254700C4EF30 /* Base */ = {isa = PBXFileReference; lastKnownFileType = file.storyboard; name = Base; path = Base.lproj/Main.storyboard; sourceTree = "<group>"; };
		C43551752599254800C4EF30 /* Assets.xcassets */ = {isa = PBXFileReference; lastKnownFileType = folder.assetcatalog; path = Assets.xcassets; sourceTree = "<group>"; };
		C43551782599254800C4EF30 /* Base */ = {isa = PBXFileReference; lastKnownFileType = file.storyboard; name = Base; path = Base.lproj/LaunchScreen.storyboard; sourceTree = "<group>"; };
		C435517A2599254800C4EF30 /* Info.plist */ = {isa = PBXFileReference; lastKnownFileType = text.plist.xml; path = Info.plist; sourceTree = "<group>"; };
		C43551832599260100C4EF30 /* LoginViewController.swift */ = {isa = PBXFileReference; lastKnownFileType = sourcecode.swift; path = LoginViewController.swift; sourceTree = "<group>"; };
		C443D73925D5D80E00774062 /* Session.swift */ = {isa = PBXFileReference; lastKnownFileType = sourcecode.swift; path = Session.swift; sourceTree = "<group>"; };
		C443D73C25D5E21D00774062 /* VkWebViewController.swift */ = {isa = PBXFileReference; lastKnownFileType = sourcecode.swift; path = VkWebViewController.swift; sourceTree = "<group>"; };
		C445993D259F628C00CA5C28 /* FriendsTableViewController.swift */ = {isa = PBXFileReference; lastKnownFileType = sourcecode.swift; path = FriendsTableViewController.swift; sourceTree = "<group>"; };
		C4459941259F63FD00CA5C28 /* FriendsTableViewCell.swift */ = {isa = PBXFileReference; lastKnownFileType = sourcecode.swift; path = FriendsTableViewCell.swift; sourceTree = "<group>"; };
		C477B2E125A3BFA100366191 /* MyGroupTableViewController.swift */ = {isa = PBXFileReference; lastKnownFileType = sourcecode.swift; path = MyGroupTableViewController.swift; sourceTree = "<group>"; };
		C477B2E425A3BFB200366191 /* AllGroupsTableViewController.swift */ = {isa = PBXFileReference; lastKnownFileType = sourcecode.swift; path = AllGroupsTableViewController.swift; sourceTree = "<group>"; };
		C477B2E725A3C0B800366191 /* MyGroupTableViewCell.swift */ = {isa = PBXFileReference; lastKnownFileType = sourcecode.swift; path = MyGroupTableViewCell.swift; sourceTree = "<group>"; };
		C477B2EE25A3C27800366191 /* AllGroupsTableViewCell.swift */ = {isa = PBXFileReference; lastKnownFileType = sourcecode.swift; path = AllGroupsTableViewCell.swift; sourceTree = "<group>"; };
		C477B2F425A3C5E600366191 /* StructFriend.swift */ = {isa = PBXFileReference; lastKnownFileType = sourcecode.swift; path = StructFriend.swift; sourceTree = "<group>"; };
		C477B2F725A3C60400366191 /* StructGroup.swift */ = {isa = PBXFileReference; lastKnownFileType = sourcecode.swift; path = StructGroup.swift; sourceTree = "<group>"; };
		C4901B5225CCB27000438840 /* NewsTableViewCell.swift */ = {isa = PBXFileReference; lastKnownFileType = sourcecode.swift; path = NewsTableViewCell.swift; sourceTree = "<group>"; };
		C4901B5325CCB27000438840 /* NewsTableViewCell.xib */ = {isa = PBXFileReference; lastKnownFileType = file.xib; path = NewsTableViewCell.xib; sourceTree = "<group>"; };
		C4901B5925CCBA9600438840 /* NewsTableViewController.swift */ = {isa = PBXFileReference; lastKnownFileType = sourcecode.swift; path = NewsTableViewController.swift; sourceTree = "<group>"; };
		C496FBAB259F756E0008989C /* FriendCollectionViewCell.swift */ = {isa = PBXFileReference; lastKnownFileType = sourcecode.swift; path = FriendCollectionViewCell.swift; sourceTree = "<group>"; };
		C496FBAE259F7A2A0008989C /* FriendCollectionViewController.swift */ = {isa = PBXFileReference; lastKnownFileType = sourcecode.swift; path = FriendCollectionViewController.swift; sourceTree = "<group>"; };
		C4AE2E4425B476E40035EC07 /* ProfileViewController.swift */ = {isa = PBXFileReference; lastKnownFileType = sourcecode.swift; path = ProfileViewController.swift; sourceTree = "<group>"; };
		C4AE2E4725B47DA80035EC07 /* SettingsView.swift */ = {isa = PBXFileReference; lastKnownFileType = sourcecode.swift; path = SettingsView.swift; sourceTree = "<group>"; };
		C4C716B625C70DD200B78112 /* FriendsViewController.swift */ = {isa = PBXFileReference; lastKnownFileType = sourcecode.swift; path = FriendsViewController.swift; sourceTree = "<group>"; };
		C4C716BA25C71A0400B78112 /* NetworkService.swift */ = {isa = PBXFileReference; lastKnownFileType = sourcecode.swift; path = NetworkService.swift; sourceTree = "<group>"; };
		C4FDE69F25B4E37100F2C448 /* LikeControl.swift */ = {isa = PBXFileReference; lastKnownFileType = sourcecode.swift; path = LikeControl.swift; sourceTree = "<group>"; };
		DE5E499EC2623386D643EDAB /* Pods-Vkontakte.release.xcconfig */ = {isa = PBXFileReference; includeInIndex = 1; lastKnownFileType = text.xcconfig; name = "Pods-Vkontakte.release.xcconfig"; path = "Target Support Files/Pods-Vkontakte/Pods-Vkontakte.release.xcconfig"; sourceTree = "<group>"; };
/* End PBXFileReference section */

/* Begin PBXFrameworksBuildPhase section */
		C43551662599254700C4EF30 /* Frameworks */ = {
			isa = PBXFrameworksBuildPhase;
			buildActionMask = 2147483647;
			files = (
				B8E2F3CDC34AACE0ED1B295F /* Pods_Vkontakte.framework in Frameworks */,
			);
			runOnlyForDeploymentPostprocessing = 0;
		};
/* End PBXFrameworksBuildPhase section */

/* Begin PBXGroup section */
		B3E02D53EF1243ACC2CCB2EE /* Pods */ = {
			isa = PBXGroup;
			children = (
				42A84CDE048C4E9330625F93 /* Pods-Vkontakte.debug.xcconfig */,
				DE5E499EC2623386D643EDAB /* Pods-Vkontakte.release.xcconfig */,
			);
			name = Pods;
			path = Pods;
			sourceTree = "<group>";
		};
		C43551602599254700C4EF30 = {
			isa = PBXGroup;
			children = (
				C435516B2599254700C4EF30 /* Vkontakte */,
				C435516A2599254700C4EF30 /* Products */,
				B3E02D53EF1243ACC2CCB2EE /* Pods */,
				CB2150A579B82DDD442F7788 /* Frameworks */,
			);
			sourceTree = "<group>";
		};
		C435516A2599254700C4EF30 /* Products */ = {
			isa = PBXGroup;
			children = (
				C43551692599254700C4EF30 /* Vkontakte.app */,
			);
			name = Products;
			sourceTree = "<group>";
		};
		C435516B2599254700C4EF30 /* Vkontakte */ = {
			isa = PBXGroup;
			children = (
				C4C716B925C719E200B78112 /* Service */,
				C4FDE69E25B4E33F00F2C448 /* Controls */,
				C477B2EB25A3C0EB00366191 /* TableView */,
				C4C624B025A33EBA0059B36F /* Model */,
				C4459940259F63E000CA5C28 /* Cells */,
				C435516C2599254700C4EF30 /* AppDelegate.swift */,
				C4C716B625C70DD200B78112 /* FriendsViewController.swift */,
				C435516E2599254700C4EF30 /* SceneDelegate.swift */,
				C43551722599254700C4EF30 /* Main.storyboard */,
				C443D73C25D5E21D00774062 /* VkWebViewController.swift */,
				C4AE2E4725B47DA80035EC07 /* SettingsView.swift */,
				C43551752599254800C4EF30 /* Assets.xcassets */,
				C43551772599254800C4EF30 /* LaunchScreen.storyboard */,
				C435517A2599254800C4EF30 /* Info.plist */,
				C43551832599260100C4EF30 /* LoginViewController.swift */,
				C4AE2E4425B476E40035EC07 /* ProfileViewController.swift */,
			);
			path = Vkontakte;
			sourceTree = "<group>";
		};
		C4459940259F63E000CA5C28 /* Cells */ = {
			isa = PBXGroup;
			children = (
				C4459941259F63FD00CA5C28 /* FriendsTableViewCell.swift */,
				C496FBAB259F756E0008989C /* FriendCollectionViewCell.swift */,
				C477B2E725A3C0B800366191 /* MyGroupTableViewCell.swift */,
				C477B2EE25A3C27800366191 /* AllGroupsTableViewCell.swift */,
				C4901B5225CCB27000438840 /* NewsTableViewCell.swift */,
				C4901B5325CCB27000438840 /* NewsTableViewCell.xib */,
			);
			path = Cells;
			sourceTree = "<group>";
		};
		C477B2D725A3BE7500366191 /* GroupVK */ = {
			isa = PBXGroup;
			children = (
				C477B2E125A3BFA100366191 /* MyGroupTableViewController.swift */,
				C477B2E425A3BFB200366191 /* AllGroupsTableViewController.swift */,
			);
			path = GroupVK;
			sourceTree = "<group>";
		};
		C477B2EB25A3C0EB00366191 /* TableView */ = {
			isa = PBXGroup;
			children = (
				C4901B5825CCBA7300438840 /* News */,
				C477B2EC25A3C10000366191 /* Friends */,
				C477B2D725A3BE7500366191 /* GroupVK */,
			);
			path = TableView;
			sourceTree = "<group>";
		};
		C477B2EC25A3C10000366191 /* Friends */ = {
			isa = PBXGroup;
			children = (
				C445993D259F628C00CA5C28 /* FriendsTableViewController.swift */,
				C496FBAE259F7A2A0008989C /* FriendCollectionViewController.swift */,
			);
			path = Friends;
			sourceTree = "<group>";
		};
		C4901B5825CCBA7300438840 /* News */ = {
			isa = PBXGroup;
			children = (
				C4901B5925CCBA9600438840 /* NewsTableViewController.swift */,
			);
			path = News;
			sourceTree = "<group>";
		};
		C4C624B025A33EBA0059B36F /* Model */ = {
			isa = PBXGroup;
			children = (
				C477B2F425A3C5E600366191 /* StructFriend.swift */,
				C477B2F725A3C60400366191 /* StructGroup.swift */,
			);
			path = Model;
			sourceTree = "<group>";
		};
		C4C716B925C719E200B78112 /* Service */ = {
			isa = PBXGroup;
			children = (
				C4C716BA25C71A0400B78112 /* NetworkService.swift */,
				C443D73925D5D80E00774062 /* Session.swift */,
			);
			path = Service;
			sourceTree = "<group>";
		};
		C4FDE69E25B4E33F00F2C448 /* Controls */ = {
			isa = PBXGroup;
			children = (
				C4FDE69F25B4E37100F2C448 /* LikeControl.swift */,
				C41BDC4125C9EAAB005984F2 /* СharacterPicker.swift */,
			);
			path = Controls;
			sourceTree = "<group>";
		};
		CB2150A579B82DDD442F7788 /* Frameworks */ = {
			isa = PBXGroup;
			children = (
				BF3F842E42EFFAFC947B9536 /* Pods_Vkontakte.framework */,
			);
			name = Frameworks;
			sourceTree = "<group>";
		};
/* End PBXGroup section */

/* Begin PBXNativeTarget section */
		C43551682599254700C4EF30 /* Vkontakte */ = {
			isa = PBXNativeTarget;
			buildConfigurationList = C435517D2599254800C4EF30 /* Build configuration list for PBXNativeTarget "Vkontakte" */;
			buildPhases = (
				C5D37EA1423D07F4E3F70E80 /* [CP] Check Pods Manifest.lock */,
				C43551652599254700C4EF30 /* Sources */,
				C43551662599254700C4EF30 /* Frameworks */,
				C43551672599254700C4EF30 /* Resources */,
				72F099B50677E460F2FAAEDE /* [CP] Embed Pods Frameworks */,
			);
			buildRules = (
			);
			dependencies = (
			);
			name = Vkontakte;
			productName = UI_Vkontakte;
			productReference = C43551692599254700C4EF30 /* Vkontakte.app */;
			productType = "com.apple.product-type.application";
		};
/* End PBXNativeTarget section */

/* Begin PBXProject section */
		C43551612599254700C4EF30 /* Project object */ = {
			isa = PBXProject;
			attributes = {
				LastSwiftUpdateCheck = 1230;
				LastUpgradeCheck = 1230;
				TargetAttributes = {
					C43551682599254700C4EF30 = {
						CreatedOnToolsVersion = 12.3;
					};
				};
			};
			buildConfigurationList = C43551642599254700C4EF30 /* Build configuration list for PBXProject "Vkontakte" */;
			compatibilityVersion = "Xcode 9.3";
			developmentRegion = en;
			hasScannedForEncodings = 0;
			knownRegions = (
				en,
				Base,
			);
			mainGroup = C43551602599254700C4EF30;
			productRefGroup = C435516A2599254700C4EF30 /* Products */;
			projectDirPath = "";
			projectRoot = "";
			targets = (
				C43551682599254700C4EF30 /* Vkontakte */,
			);
		};
/* End PBXProject section */

/* Begin PBXResourcesBuildPhase section */
		C43551672599254700C4EF30 /* Resources */ = {
			isa = PBXResourcesBuildPhase;
			buildActionMask = 2147483647;
			files = (
				C43551792599254800C4EF30 /* LaunchScreen.storyboard in Resources */,
				C43551762599254800C4EF30 /* Assets.xcassets in Resources */,
				C4901B5525CCB27000438840 /* NewsTableViewCell.xib in Resources */,
				C43551742599254700C4EF30 /* Main.storyboard in Resources */,
			);
			runOnlyForDeploymentPostprocessing = 0;
		};
/* End PBXResourcesBuildPhase section */

/* Begin PBXShellScriptBuildPhase section */
		72F099B50677E460F2FAAEDE /* [CP] Embed Pods Frameworks */ = {
			isa = PBXShellScriptBuildPhase;
			buildActionMask = 2147483647;
			files = (
			);
			inputFileListPaths = (
				"${PODS_ROOT}/Target Support Files/Pods-Vkontakte/Pods-Vkontakte-frameworks-${CONFIGURATION}-input-files.xcfilelist",
			);
			name = "[CP] Embed Pods Frameworks";
			outputFileListPaths = (
				"${PODS_ROOT}/Target Support Files/Pods-Vkontakte/Pods-Vkontakte-frameworks-${CONFIGURATION}-output-files.xcfilelist",
			);
			runOnlyForDeploymentPostprocessing = 0;
			shellPath = /bin/sh;
			shellScript = "\"${PODS_ROOT}/Target Support Files/Pods-Vkontakte/Pods-Vkontakte-frameworks.sh\"\n";
			showEnvVarsInLog = 0;
		};
		C5D37EA1423D07F4E3F70E80 /* [CP] Check Pods Manifest.lock */ = {
			isa = PBXShellScriptBuildPhase;
			buildActionMask = 2147483647;
			files = (
			);
			inputFileListPaths = (
			);
			inputPaths = (
				"${PODS_PODFILE_DIR_PATH}/Podfile.lock",
				"${PODS_ROOT}/Manifest.lock",
			);
			name = "[CP] Check Pods Manifest.lock";
			outputFileListPaths = (
			);
			outputPaths = (
				"$(DERIVED_FILE_DIR)/Pods-Vkontakte-checkManifestLockResult.txt",
			);
			runOnlyForDeploymentPostprocessing = 0;
			shellPath = /bin/sh;
			shellScript = "diff \"${PODS_PODFILE_DIR_PATH}/Podfile.lock\" \"${PODS_ROOT}/Manifest.lock\" > /dev/null\nif [ $? != 0 ] ; then\n    # print error to STDERR\n    echo \"error: The sandbox is not in sync with the Podfile.lock. Run 'pod install' or update your CocoaPods installation.\" >&2\n    exit 1\nfi\n# This output is used by Xcode 'outputs' to avoid re-running this script phase.\necho \"SUCCESS\" > \"${SCRIPT_OUTPUT_FILE_0}\"\n";
			showEnvVarsInLog = 0;
		};
/* End PBXShellScriptBuildPhase section */

/* Begin PBXSourcesBuildPhase section */
		C43551652599254700C4EF30 /* Sources */ = {
			isa = PBXSourcesBuildPhase;
			buildActionMask = 2147483647;
			files = (
				C477B2F825A3C60400366191 /* StructGroup.swift in Sources */,
				C496FBAC259F756E0008989C /* FriendCollectionViewCell.swift in Sources */,
				C4FDE6A025B4E37100F2C448 /* LikeControl.swift in Sources */,
				C443D73D25D5E21D00774062 /* VkWebViewController.swift in Sources */,
				C477B2F525A3C5E600366191 /* StructFriend.swift in Sources */,
				C4C716BB25C71A0400B78112 /* NetworkService.swift in Sources */,
				C4901B5A25CCBA9600438840 /* NewsTableViewController.swift in Sources */,
				C4C716B725C70DD200B78112 /* FriendsViewController.swift in Sources */,
				C43551842599260100C4EF30 /* LoginViewController.swift in Sources */,
				C4901B5425CCB27000438840 /* NewsTableViewCell.swift in Sources */,
				C4AE2E4525B476E40035EC07 /* ProfileViewController.swift in Sources */,
				C477B2E525A3BFB200366191 /* AllGroupsTableViewController.swift in Sources */,
				C477B2E225A3BFA100366191 /* MyGroupTableViewController.swift in Sources */,
				C435516D2599254700C4EF30 /* AppDelegate.swift in Sources */,
				C445993E259F628C00CA5C28 /* FriendsTableViewController.swift in Sources */,
				C4459942259F63FD00CA5C28 /* FriendsTableViewCell.swift in Sources */,
				C477B2E825A3C0B800366191 /* MyGroupTableViewCell.swift in Sources */,
				C435516F2599254700C4EF30 /* SceneDelegate.swift in Sources */,
				C41BDC4225C9EAAB005984F2 /* СharacterPicker.swift in Sources */,
				C443D73A25D5D80E00774062 /* Session.swift in Sources */,
				C477B2EF25A3C27800366191 /* AllGroupsTableViewCell.swift in Sources */,
				C496FBAF259F7A2A0008989C /* FriendCollectionViewController.swift in Sources */,
				C4AE2E4825B47DA80035EC07 /* SettingsView.swift in Sources */,
			);
			runOnlyForDeploymentPostprocessing = 0;
		};
/* End PBXSourcesBuildPhase section */

/* Begin PBXVariantGroup section */
		C43551722599254700C4EF30 /* Main.storyboard */ = {
			isa = PBXVariantGroup;
			children = (
				C43551732599254700C4EF30 /* Base */,
			);
			name = Main.storyboard;
			sourceTree = "<group>";
		};
		C43551772599254800C4EF30 /* LaunchScreen.storyboard */ = {
			isa = PBXVariantGroup;
			children = (
				C43551782599254800C4EF30 /* Base */,
			);
			name = LaunchScreen.storyboard;
			sourceTree = "<group>";
		};
/* End PBXVariantGroup section */

/* Begin XCBuildConfiguration section */
		C435517B2599254800C4EF30 /* Debug */ = {
			isa = XCBuildConfiguration;
			buildSettings = {
				ALWAYS_SEARCH_USER_PATHS = NO;
				CLANG_ANALYZER_NONNULL = YES;
				CLANG_ANALYZER_NUMBER_OBJECT_CONVERSION = YES_AGGRESSIVE;
				CLANG_CXX_LANGUAGE_STANDARD = "gnu++14";
				CLANG_CXX_LIBRARY = "libc++";
				CLANG_ENABLE_MODULES = YES;
				CLANG_ENABLE_OBJC_ARC = YES;
				CLANG_ENABLE_OBJC_WEAK = YES;
				CLANG_WARN_BLOCK_CAPTURE_AUTORELEASING = YES;
				CLANG_WARN_BOOL_CONVERSION = YES;
				CLANG_WARN_COMMA = YES;
				CLANG_WARN_CONSTANT_CONVERSION = YES;
				CLANG_WARN_DEPRECATED_OBJC_IMPLEMENTATIONS = YES;
				CLANG_WARN_DIRECT_OBJC_ISA_USAGE = YES_ERROR;
				CLANG_WARN_DOCUMENTATION_COMMENTS = YES;
				CLANG_WARN_EMPTY_BODY = YES;
				CLANG_WARN_ENUM_CONVERSION = YES;
				CLANG_WARN_INFINITE_RECURSION = YES;
				CLANG_WARN_INT_CONVERSION = YES;
				CLANG_WARN_NON_LITERAL_NULL_CONVERSION = YES;
				CLANG_WARN_OBJC_IMPLICIT_RETAIN_SELF = YES;
				CLANG_WARN_OBJC_LITERAL_CONVERSION = YES;
				CLANG_WARN_OBJC_ROOT_CLASS = YES_ERROR;
				CLANG_WARN_QUOTED_INCLUDE_IN_FRAMEWORK_HEADER = YES;
				CLANG_WARN_RANGE_LOOP_ANALYSIS = YES;
				CLANG_WARN_STRICT_PROTOTYPES = YES;
				CLANG_WARN_SUSPICIOUS_MOVE = YES;
				CLANG_WARN_UNGUARDED_AVAILABILITY = YES_AGGRESSIVE;
				CLANG_WARN_UNREACHABLE_CODE = YES;
				CLANG_WARN__DUPLICATE_METHOD_MATCH = YES;
				COPY_PHASE_STRIP = NO;
				DEBUG_INFORMATION_FORMAT = dwarf;
				ENABLE_STRICT_OBJC_MSGSEND = YES;
				ENABLE_TESTABILITY = YES;
				GCC_C_LANGUAGE_STANDARD = gnu11;
				GCC_DYNAMIC_NO_PIC = NO;
				GCC_NO_COMMON_BLOCKS = YES;
				GCC_OPTIMIZATION_LEVEL = 0;
				GCC_PREPROCESSOR_DEFINITIONS = (
					"DEBUG=1",
					"$(inherited)",
				);
				GCC_WARN_64_TO_32_BIT_CONVERSION = YES;
				GCC_WARN_ABOUT_RETURN_TYPE = YES_ERROR;
				GCC_WARN_UNDECLARED_SELECTOR = YES;
				GCC_WARN_UNINITIALIZED_AUTOS = YES_AGGRESSIVE;
				GCC_WARN_UNUSED_FUNCTION = YES;
				GCC_WARN_UNUSED_VARIABLE = YES;
				IPHONEOS_DEPLOYMENT_TARGET = 14.3;
				MTL_ENABLE_DEBUG_INFO = INCLUDE_SOURCE;
				MTL_FAST_MATH = YES;
				ONLY_ACTIVE_ARCH = YES;
				SDKROOT = iphoneos;
				SWIFT_ACTIVE_COMPILATION_CONDITIONS = DEBUG;
				SWIFT_OPTIMIZATION_LEVEL = "-Onone";
			};
			name = Debug;
		};
		C435517C2599254800C4EF30 /* Release */ = {
			isa = XCBuildConfiguration;
			buildSettings = {
				ALWAYS_SEARCH_USER_PATHS = NO;
				CLANG_ANALYZER_NONNULL = YES;
				CLANG_ANALYZER_NUMBER_OBJECT_CONVERSION = YES_AGGRESSIVE;
				CLANG_CXX_LANGUAGE_STANDARD = "gnu++14";
				CLANG_CXX_LIBRARY = "libc++";
				CLANG_ENABLE_MODULES = YES;
				CLANG_ENABLE_OBJC_ARC = YES;
				CLANG_ENABLE_OBJC_WEAK = YES;
				CLANG_WARN_BLOCK_CAPTURE_AUTORELEASING = YES;
				CLANG_WARN_BOOL_CONVERSION = YES;
				CLANG_WARN_COMMA = YES;
				CLANG_WARN_CONSTANT_CONVERSION = YES;
				CLANG_WARN_DEPRECATED_OBJC_IMPLEMENTATIONS = YES;
				CLANG_WARN_DIRECT_OBJC_ISA_USAGE = YES_ERROR;
				CLANG_WARN_DOCUMENTATION_COMMENTS = YES;
				CLANG_WARN_EMPTY_BODY = YES;
				CLANG_WARN_ENUM_CONVERSION = YES;
				CLANG_WARN_INFINITE_RECURSION = YES;
				CLANG_WARN_INT_CONVERSION = YES;
				CLANG_WARN_NON_LITERAL_NULL_CONVERSION = YES;
				CLANG_WARN_OBJC_IMPLICIT_RETAIN_SELF = YES;
				CLANG_WARN_OBJC_LITERAL_CONVERSION = YES;
				CLANG_WARN_OBJC_ROOT_CLASS = YES_ERROR;
				CLANG_WARN_QUOTED_INCLUDE_IN_FRAMEWORK_HEADER = YES;
				CLANG_WARN_RANGE_LOOP_ANALYSIS = YES;
				CLANG_WARN_STRICT_PROTOTYPES = YES;
				CLANG_WARN_SUSPICIOUS_MOVE = YES;
				CLANG_WARN_UNGUARDED_AVAILABILITY = YES_AGGRESSIVE;
				CLANG_WARN_UNREACHABLE_CODE = YES;
				CLANG_WARN__DUPLICATE_METHOD_MATCH = YES;
				COPY_PHASE_STRIP = NO;
				DEBUG_INFORMATION_FORMAT = "dwarf-with-dsym";
				ENABLE_NS_ASSERTIONS = NO;
				ENABLE_STRICT_OBJC_MSGSEND = YES;
				GCC_C_LANGUAGE_STANDARD = gnu11;
				GCC_NO_COMMON_BLOCKS = YES;
				GCC_WARN_64_TO_32_BIT_CONVERSION = YES;
				GCC_WARN_ABOUT_RETURN_TYPE = YES_ERROR;
				GCC_WARN_UNDECLARED_SELECTOR = YES;
				GCC_WARN_UNINITIALIZED_AUTOS = YES_AGGRESSIVE;
				GCC_WARN_UNUSED_FUNCTION = YES;
				GCC_WARN_UNUSED_VARIABLE = YES;
				IPHONEOS_DEPLOYMENT_TARGET = 14.3;
				MTL_ENABLE_DEBUG_INFO = NO;
				MTL_FAST_MATH = YES;
				SDKROOT = iphoneos;
				SWIFT_COMPILATION_MODE = wholemodule;
				SWIFT_OPTIMIZATION_LEVEL = "-O";
				VALIDATE_PRODUCT = YES;
			};
			name = Release;
		};
		C435517E2599254800C4EF30 /* Debug */ = {
			isa = XCBuildConfiguration;
			baseConfigurationReference = 42A84CDE048C4E9330625F93 /* Pods-Vkontakte.debug.xcconfig */;
			buildSettings = {
				ASSETCATALOG_COMPILER_APPICON_NAME = AppIcon;
				ASSETCATALOG_COMPILER_GLOBAL_ACCENT_COLOR_NAME = AccentColor;
				CODE_SIGN_STYLE = Automatic;
				DEVELOPMENT_TEAM = 84PULGDZJ8;
				INFOPLIST_FILE = Vkontakte/Info.plist;
				LD_RUNPATH_SEARCH_PATHS = (
					"$(inherited)",
					"@executable_path/Frameworks",
				);
				MARKETING_VERSION = 1.0.0;
				PRODUCT_BUNDLE_IDENTIFIER = ru.podm.Vkontakte;
				PRODUCT_NAME = "$(TARGET_NAME)";
				SWIFT_VERSION = 5.0;
				TARGETED_DEVICE_FAMILY = "1,2";
			};
			name = Debug;
		};
		C435517F2599254800C4EF30 /* Release */ = {
			isa = XCBuildConfiguration;
			baseConfigurationReference = DE5E499EC2623386D643EDAB /* Pods-Vkontakte.release.xcconfig */;
			buildSettings = {
				ASSETCATALOG_COMPILER_APPICON_NAME = AppIcon;
				ASSETCATALOG_COMPILER_GLOBAL_ACCENT_COLOR_NAME = AccentColor;
				CODE_SIGN_STYLE = Automatic;
				DEVELOPMENT_TEAM = 84PULGDZJ8;
				INFOPLIST_FILE = Vkontakte/Info.plist;
				LD_RUNPATH_SEARCH_PATHS = (
					"$(inherited)",
					"@executable_path/Frameworks",
				);
				MARKETING_VERSION = 1.0.0;
				PRODUCT_BUNDLE_IDENTIFIER = ru.podm.Vkontakte;
				PRODUCT_NAME = "$(TARGET_NAME)";
				SWIFT_VERSION = 5.0;
				TARGETED_DEVICE_FAMILY = "1,2";
			};
			name = Release;
		};
/* End XCBuildConfiguration section */

/* Begin XCConfigurationList section */
		C43551642599254700C4EF30 /* Build configuration list for PBXProject "Vkontakte" */ = {
			isa = XCConfigurationList;
			buildConfigurations = (
				C435517B2599254800C4EF30 /* Debug */,
				C435517C2599254800C4EF30 /* Release */,
			);
			defaultConfigurationIsVisible = 0;
			defaultConfigurationName = Release;
		};
		C435517D2599254800C4EF30 /* Build configuration list for PBXNativeTarget "Vkontakte" */ = {
			isa = XCConfigurationList;
			buildConfigurations = (
				C435517E2599254800C4EF30 /* Debug */,
				C435517F2599254800C4EF30 /* Release */,
			);
			defaultConfigurationIsVisible = 0;
			defaultConfigurationName = Release;
		};
/* End XCConfigurationList section */
	};
	rootObject = C43551612599254700C4EF30 /* Project object */;
}
